
Microsoft Visual Studio Solution File, Format Version 12.00
# Visual Studio Version 17
VisualStudioVersion = 17.5.002.0
MinimumVisualStudioVersion = 10.0.40219.1
Project("{9A19103F-16F7-4668-BE54-9A1E7A4F7556}") = "ngaq", "ngaq\ngaq.csproj", "{7CAF8388-6666-406E-AD24-7AC79304B7D8}"
EndProject
Project("{9A19103F-16F7-4668-BE54-9A1E7A4F7556}") = "ngaq.Android", "ngaq.Android\ngaq.Android.csproj", "{D0D44423-4644-4B63-B7C7-873984D9A1A7}"
EndProject
Project("{9A19103F-16F7-4668-BE54-9A1E7A4F7556}") = "ngaq.Browser", "ngaq.Browser\ngaq.Browser.csproj", "{D177C87D-A36D-41A1-A23A-51A784DBE8C7}"
EndProject
Project("{9A19103F-16F7-4668-BE54-9A1E7A4F7556}") = "ngaq.Desktop", "ngaq.Desktop\ngaq.Desktop.csproj", "{CB248A95-019A-4472-8306-5630381401BE}"
EndProject
Project("{9A19103F-16F7-4668-BE54-9A1E7A4F7556}") = "ngaq.iOS", "ngaq.iOS\ngaq.iOS.csproj", "{66C3AB02-9BF2-4A69-B3D3-C333249A4244}"
EndProject
Project("{9A19103F-16F7-4668-BE54-9A1E7A4F7556}") = "test", "test\test.csproj", "{02F54DBD-4BD5-4CBF-AC0E-CD3643BED6B5}"
EndProject
Project("{2150E333-8FDC-42A3-9474-1A3956D46DE8}") = "test (1)", "test (1)", "{27C1F884-6F8A-4B4E-9F13-F99E29C6D7E4}"
EndProject
Project("{2150E333-8FDC-42A3-9474-1A3956D46DE8}") = "bin", "bin", "{7958406E-CA53-49CA-801B-588C7E76E4A4}"
EndProject
Project("{2150E333-8FDC-42A3-9474-1A3956D46DE8}") = "Release", "Release", "{A818FB5E-2AAC-415C-896B-4E745174FA3C}"
EndProject
Project("{2150E333-8FDC-42A3-9474-1A3956D46DE8}") = "net8.0", "net8.0", "{EFB1D979-8CF4-4607-8F44-D6231372A93B}"
EndProject
Project("{9A19103F-16F7-4668-BE54-9A1E7A4F7556}") = "BenchmarkDotNet.Autogenerated", "test\bin\Release\net8.0\70620874-e199-4094-953d-456c03051f78\BenchmarkDotNet.Autogenerated.csproj", "{532C7C60-F6CA-4620-A51D-656D0C1610A0}"
EndProject
Project("{FAE04EC0-301F-11D3-BF4B-00C04F79EFBC}") = "ngaq.Core", "ngaq.Core\ngaq.Core.csproj", "{FCF53E8F-B85F-4241-8911-7F9F840F97C7}"
EndProject
Project("{FAE04EC0-301F-11D3-BF4B-00C04F79EFBC}") = "ngaq.Server", "ngaq.Server\ngaq.Server.csproj", "{CAFC5A60-CEB1-4328-89FE-96A466FA21F8}"
EndProject
Global
	GlobalSection(SolutionConfigurationPlatforms) = preSolution
		Debug|Any CPU = Debug|Any CPU
		Release|Any CPU = Release|Any CPU
	EndGlobalSection
	GlobalSection(ProjectConfigurationPlatforms) = postSolution
		{7CAF8388-6666-406E-AD24-7AC79304B7D8}.Debug|Any CPU.ActiveCfg = Debug|Any CPU
		{7CAF8388-6666-406E-AD24-7AC79304B7D8}.Debug|Any CPU.Build.0 = Debug|Any CPU
		{7CAF8388-6666-406E-AD24-7AC79304B7D8}.Release|Any CPU.ActiveCfg = Release|Any CPU
		{7CAF8388-6666-406E-AD24-7AC79304B7D8}.Release|Any CPU.Build.0 = Release|Any CPU
		{D0D44423-4644-4B63-B7C7-873984D9A1A7}.Debug|Any CPU.ActiveCfg = Debug|Any CPU
		{D0D44423-4644-4B63-B7C7-873984D9A1A7}.Debug|Any CPU.Build.0 = Debug|Any CPU
		{D0D44423-4644-4B63-B7C7-873984D9A1A7}.Release|Any CPU.ActiveCfg = Release|Any CPU
		{D0D44423-4644-4B63-B7C7-873984D9A1A7}.Release|Any CPU.Build.0 = Release|Any CPU
		{D177C87D-A36D-41A1-A23A-51A784DBE8C7}.Debug|Any CPU.ActiveCfg = Debug|Any CPU
		{D177C87D-A36D-41A1-A23A-51A784DBE8C7}.Debug|Any CPU.Build.0 = Debug|Any CPU
		{D177C87D-A36D-41A1-A23A-51A784DBE8C7}.Release|Any CPU.ActiveCfg = Release|Any CPU
		{D177C87D-A36D-41A1-A23A-51A784DBE8C7}.Release|Any CPU.Build.0 = Release|Any CPU
		{CB248A95-019A-4472-8306-5630381401BE}.Debug|Any CPU.ActiveCfg = Debug|Any CPU
		{CB248A95-019A-4472-8306-5630381401BE}.Debug|Any CPU.Build.0 = Debug|Any CPU
		{CB248A95-019A-4472-8306-5630381401BE}.Release|Any CPU.ActiveCfg = Release|Any CPU
		{CB248A95-019A-4472-8306-5630381401BE}.Release|Any CPU.Build.0 = Release|Any CPU
		{66C3AB02-9BF2-4A69-B3D3-C333249A4244}.Debug|Any CPU.ActiveCfg = Debug|Any CPU
		{66C3AB02-9BF2-4A69-B3D3-C333249A4244}.Debug|Any CPU.Build.0 = Debug|Any CPU
		{66C3AB02-9BF2-4A69-B3D3-C333249A4244}.Release|Any CPU.ActiveCfg = Release|Any CPU
		{66C3AB02-9BF2-4A69-B3D3-C333249A4244}.Release|Any CPU.Build.0 = Release|Any CPU
		{02F54DBD-4BD5-4CBF-AC0E-CD3643BED6B5}.Debug|Any CPU.ActiveCfg = Debug|Any CPU
		{02F54DBD-4BD5-4CBF-AC0E-CD3643BED6B5}.Debug|Any CPU.Build.0 = Debug|Any CPU
		{02F54DBD-4BD5-4CBF-AC0E-CD3643BED6B5}.Release|Any CPU.ActiveCfg = Release|Any CPU
		{02F54DBD-4BD5-4CBF-AC0E-CD3643BED6B5}.Release|Any CPU.Build.0 = Release|Any CPU
		{532C7C60-F6CA-4620-A51D-656D0C1610A0}.Debug|Any CPU.ActiveCfg = Debug|Any CPU
		{532C7C60-F6CA-4620-A51D-656D0C1610A0}.Debug|Any CPU.Build.0 = Debug|Any CPU
		{532C7C60-F6CA-4620-A51D-656D0C1610A0}.Release|Any CPU.ActiveCfg = Release|Any CPU
		{532C7C60-F6CA-4620-A51D-656D0C1610A0}.Release|Any CPU.Build.0 = Release|Any CPU
		{FCF53E8F-B85F-4241-8911-7F9F840F97C7}.Debug|Any CPU.ActiveCfg = Debug|Any CPU
		{FCF53E8F-B85F-4241-8911-7F9F840F97C7}.Debug|Any CPU.Build.0 = Debug|Any CPU
		{FCF53E8F-B85F-4241-8911-7F9F840F97C7}.Release|Any CPU.ActiveCfg = Release|Any CPU
		{FCF53E8F-B85F-4241-8911-7F9F840F97C7}.Release|Any CPU.Build.0 = Release|Any CPU
		{CAFC5A60-CEB1-4328-89FE-96A466FA21F8}.Debug|Any CPU.ActiveCfg = Debug|Any CPU
		{CAFC5A60-CEB1-4328-89FE-96A466FA21F8}.Debug|Any CPU.Build.0 = Debug|Any CPU
		{CAFC5A60-CEB1-4328-89FE-96A466FA21F8}.Release|Any CPU.ActiveCfg = Release|Any CPU
		{CAFC5A60-CEB1-4328-89FE-96A466FA21F8}.Release|Any CPU.Build.0 = Release|Any CPU
	EndGlobalSection
	GlobalSection(SolutionProperties) = preSolution
		HideSolutionNode = FALSE
	EndGlobalSection
	GlobalSection(NestedProjects) = preSolution
		{7958406E-CA53-49CA-801B-588C7E76E4A4} = {27C1F884-6F8A-4B4E-9F13-F99E29C6D7E4}
		{A818FB5E-2AAC-415C-896B-4E745174FA3C} = {7958406E-CA53-49CA-801B-588C7E76E4A4}
		{EFB1D979-8CF4-4607-8F44-D6231372A93B} = {A818FB5E-2AAC-415C-896B-4E745174FA3C}
		{532C7C60-F6CA-4620-A51D-656D0C1610A0} = {EFB1D979-8CF4-4607-8F44-D6231372A93B}
	EndGlobalSection
	GlobalSection(ExtensibilityGlobals) = postSolution
		SolutionGuid = {B1EAED50-E237-4AE9-BB17-85BCEA16D598}
	EndGlobalSection
EndGlobal
